// !$*UTF8*$!
{
	archiveVersion = 1;
	classes = {
	};
	objectVersion = 46;
	objects = {

/* Begin PBXBuildFile section */
		3D1FFF481C1E3127008DF186 /* AppDelegate.swift in Sources */ = {isa = PBXBuildFile; fileRef = 3D1FFF471C1E3127008DF186 /* AppDelegate.swift */; };
		3D1FFF4D1C1E3127008DF186 /* Main.storyboard in Resources */ = {isa = PBXBuildFile; fileRef = 3D1FFF4B1C1E3127008DF186 /* Main.storyboard */; };
		3D1FFF4F1C1E3127008DF186 /* Assets.xcassets in Resources */ = {isa = PBXBuildFile; fileRef = 3D1FFF4E1C1E3127008DF186 /* Assets.xcassets */; };
		3D1FFF521C1E3127008DF186 /* LaunchScreen.storyboard in Resources */ = {isa = PBXBuildFile; fileRef = 3D1FFF501C1E3127008DF186 /* LaunchScreen.storyboard */; };
		3D1FFF5D1C1E3127008DF186 /* Flag_TableTests.swift in Sources */ = {isa = PBXBuildFile; fileRef = 3D1FFF5C1C1E3127008DF186 /* Flag_TableTests.swift */; };
		3D1FFF681C1E3127008DF186 /* Flag_TableUITests.swift in Sources */ = {isa = PBXBuildFile; fileRef = 3D1FFF671C1E3127008DF186 /* Flag_TableUITests.swift */; };
		3D1FFF761C1E3168008DF186 /* FlagTableViewController.swift in Sources */ = {isa = PBXBuildFile; fileRef = 3D1FFF751C1E3168008DF186 /* FlagTableViewController.swift */; };
		3D1FFF781C1E316C008DF186 /* FlagTableViewCell.swift in Sources */ = {isa = PBXBuildFile; fileRef = 3D1FFF771C1E316C008DF186 /* FlagTableViewCell.swift */; };
		3D1FFF7A1C1E3172008DF186 /* FlagViewController.swift in Sources */ = {isa = PBXBuildFile; fileRef = 3D1FFF791C1E3172008DF186 /* FlagViewController.swift */; };
		3D1FFF7C1C1E3191008DF186 /* brazil.png in Resources */ = {isa = PBXBuildFile; fileRef = 3D1FFF7B1C1E3191008DF186 /* brazil.png */; };
		3D1FFF821C1E31A9008DF186 /* canada.png in Resources */ = {isa = PBXBuildFile; fileRef = 3D1FFF7D1C1E31A9008DF186 /* canada.png */; };
		3D1FFF831C1E31A9008DF186 /* china.png in Resources */ = {isa = PBXBuildFile; fileRef = 3D1FFF7E1C1E31A9008DF186 /* china.png */; };
		3D1FFF841C1E31A9008DF186 /* germany.png in Resources */ = {isa = PBXBuildFile; fileRef = 3D1FFF7F1C1E31A9008DF186 /* germany.png */; };
		3D1FFF851C1E31A9008DF186 /* indonesia.png in Resources */ = {isa = PBXBuildFile; fileRef = 3D1FFF801C1E31A9008DF186 /* indonesia.png */; };
		3D1FFF861C1E31A9008DF186 /* japan.png in Resources */ = {isa = PBXBuildFile; fileRef = 3D1FFF811C1E31A9008DF186 /* japan.png */; };
		3D1FFF881C1E31B6008DF186 /* spain.png in Resources */ = {isa = PBXBuildFile; fileRef = 3D1FFF871C1E31B6008DF186 /* spain.png */; };
		3D1FFF8B1C1E31BF008DF186 /* uk.png in Resources */ = {isa = PBXBuildFile; fileRef = 3D1FFF891C1E31BF008DF186 /* uk.png */; };
		3D1FFF8C1C1E31BF008DF186 /* usa.png in Resources */ = {isa = PBXBuildFile; fileRef = 3D1FFF8A1C1E31BF008DF186 /* usa.png */; };
		3D1FFF8E1C1E328C008DF186 /* southafrica.png in Resources */ = {isa = PBXBuildFile; fileRef = 3D1FFF8D1C1E328C008DF186 /* southafrica.png */; };
/* End PBXBuildFile section */

/* Begin PBXContainerItemProxy section */
		3D1FFF591C1E3127008DF186 /* PBXContainerItemProxy */ = {
			isa = PBXContainerItemProxy;
			containerPortal = 3D1FFF3C1C1E3127008DF186 /* Project object */;
			proxyType = 1;
			remoteGlobalIDString = 3D1FFF431C1E3127008DF186;
			remoteInfo = "Flag Table";
		};
		3D1FFF641C1E3127008DF186 /* PBXContainerItemProxy */ = {
			isa = PBXContainerItemProxy;
			containerPortal = 3D1FFF3C1C1E3127008DF186 /* Project object */;
			proxyType = 1;
			remoteGlobalIDString = 3D1FFF431C1E3127008DF186;
			remoteInfo = "Flag Table";
		};
/* End PBXContainerItemProxy section */

/* Begin PBXFileReference section */
		3D1FFF441C1E3127008DF186 /* Flag Table.app */ = {isa = PBXFileReference; explicitFileType = wrapper.application; includeInIndex = 0; path = "Flag Table.app"; sourceTree = BUILT_PRODUCTS_DIR; };
		3D1FFF471C1E3127008DF186 /* AppDelegate.swift */ = {isa = PBXFileReference; lastKnownFileType = sourcecode.swift; path = AppDelegate.swift; sourceTree = "<group>"; };
		3D1FFF4C1C1E3127008DF186 /* Base */ = {isa = PBXFileReference; lastKnownFileType = file.storyboard; name = Base; path = Base.lproj/Main.storyboard; sourceTree = "<group>"; };
		3D1FFF4E1C1E3127008DF186 /* Assets.xcassets */ = {isa = PBXFileReference; lastKnownFileType = folder.assetcatalog; name = Assets.xcassets; path = "Flag Table/Assets.xcassets"; sourceTree = "<group>"; };
		3D1FFF511C1E3127008DF186 /* Base */ = {isa = PBXFileReference; lastKnownFileType = file.storyboard; name = Base; path = Base.lproj/LaunchScreen.storyboard; sourceTree = "<group>"; };
		3D1FFF531C1E3127008DF186 /* Info.plist */ = {isa = PBXFileReference; lastKnownFileType = text.plist.xml; name = Info.plist; path = "Flag Table/Info.plist"; sourceTree = "<group>"; };
		3D1FFF581C1E3127008DF186 /* Flag TableTests.xctest */ = {isa = PBXFileReference; explicitFileType = wrapper.cfbundle; includeInIndex = 0; path = "Flag TableTests.xctest"; sourceTree = BUILT_PRODUCTS_DIR; };
		3D1FFF5C1C1E3127008DF186 /* Flag_TableTests.swift */ = {isa = PBXFileReference; lastKnownFileType = sourcecode.swift; path = Flag_TableTests.swift; sourceTree = "<group>"; };
		3D1FFF5E1C1E3127008DF186 /* Info.plist */ = {isa = PBXFileReference; lastKnownFileType = text.plist.xml; path = Info.plist; sourceTree = "<group>"; };
		3D1FFF631C1E3127008DF186 /* Flag TableUITests.xctest */ = {isa = PBXFileReference; explicitFileType = wrapper.cfbundle; includeInIndex = 0; path = "Flag TableUITests.xctest"; sourceTree = BUILT_PRODUCTS_DIR; };
		3D1FFF671C1E3127008DF186 /* Flag_TableUITests.swift */ = {isa = PBXFileReference; lastKnownFileType = sourcecode.swift; path = Flag_TableUITests.swift; sourceTree = "<group>"; };
		3D1FFF691C1E3127008DF186 /* Info.plist */ = {isa = PBXFileReference; lastKnownFileType = text.plist.xml; path = Info.plist; sourceTree = "<group>"; };
		3D1FFF751C1E3168008DF186 /* FlagTableViewController.swift */ = {isa = PBXFileReference; fileEncoding = 4; lastKnownFileType = sourcecode.swift; path = FlagTableViewController.swift; sourceTree = "<group>"; };
		3D1FFF771C1E316C008DF186 /* FlagTableViewCell.swift */ = {isa = PBXFileReference; fileEncoding = 4; lastKnownFileType = sourcecode.swift; path = FlagTableViewCell.swift; sourceTree = "<group>"; };
		3D1FFF791C1E3172008DF186 /* FlagViewController.swift */ = {isa = PBXFileReference; fileEncoding = 4; lastKnownFileType = sourcecode.swift; path = FlagViewController.swift; sourceTree = "<group>"; };
		3D1FFF7B1C1E3191008DF186 /* brazil.png */ = {isa = PBXFileReference; lastKnownFileType = image.png; path = brazil.png; sourceTree = "<group>"; };
		3D1FFF7D1C1E31A9008DF186 /* canada.png */ = {isa = PBXFileReference; lastKnownFileType = image.png; path = canada.png; sourceTree = "<group>"; };
		3D1FFF7E1C1E31A9008DF186 /* china.png */ = {isa = PBXFileReference; lastKnownFileType = image.png; path = china.png; sourceTree = "<group>"; };
		3D1FFF7F1C1E31A9008DF186 /* germany.png */ = {isa = PBXFileReference; lastKnownFileType = image.png; path = germany.png; sourceTree = "<group>"; };
		3D1FFF801C1E31A9008DF186 /* indonesia.png */ = {isa = PBXFileReference; lastKnownFileType = image.png; path = indonesia.png; sourceTree = "<group>"; };
		3D1FFF811C1E31A9008DF186 /* japan.png */ = {isa = PBXFileReference; lastKnownFileType = image.png; path = japan.png; sourceTree = "<group>"; };
		3D1FFF871C1E31B6008DF186 /* spain.png */ = {isa = PBXFileReference; lastKnownFileType = image.png; path = spain.png; sourceTree = "<group>"; };
		3D1FFF891C1E31BF008DF186 /* uk.png */ = {isa = PBXFileReference; lastKnownFileType = image.png; path = uk.png; sourceTree = "<group>"; };
		3D1FFF8A1C1E31BF008DF186 /* usa.png */ = {isa = PBXFileReference; lastKnownFileType = image.png; path = usa.png; sourceTree = "<group>"; };
		3D1FFF8D1C1E328C008DF186 /* southafrica.png */ = {isa = PBXFileReference; lastKnownFileType = image.png; path = southafrica.png; sourceTree = "<group>"; };
/* End PBXFileReference section */

/* Begin PBXFrameworksBuildPhase section */
		3D1FFF411C1E3127008DF186 /* Frameworks */ = {
			isa = PBXFrameworksBuildPhase;
			buildActionMask = 2147483647;
			files = (
			);
			runOnlyForDeploymentPostprocessing = 0;
		};
		3D1FFF551C1E3127008DF186 /* Frameworks */ = {
			isa = PBXFrameworksBuildPhase;
			buildActionMask = 2147483647;
			files = (
			);
			runOnlyForDeploymentPostprocessing = 0;
		};
		3D1FFF601C1E3127008DF186 /* Frameworks */ = {
			isa = PBXFrameworksBuildPhase;
			buildActionMask = 2147483647;
			files = (
			);
			runOnlyForDeploymentPostprocessing = 0;
		};
/* End PBXFrameworksBuildPhase section */

/* Begin PBXGroup section */
		3D1FFF3B1C1E3127008DF186 = {
			isa = PBXGroup;
			children = (
				3D1FFF461C1E3127008DF186 /* Flag Table */,
				3D1FFF5B1C1E3127008DF186 /* Flag TableTests */,
				3D1FFF661C1E3127008DF186 /* Flag TableUITests */,
				3D1FFF451C1E3127008DF186 /* Products */,
				3D1FFF8F1C1E3312008DF186 /* Supporting Files */,
			);
			sourceTree = "<group>";
		};
		3D1FFF451C1E3127008DF186 /* Products */ = {
			isa = PBXGroup;
			children = (
				3D1FFF441C1E3127008DF186 /* Flag Table.app */,
				3D1FFF581C1E3127008DF186 /* Flag TableTests.xctest */,
				3D1FFF631C1E3127008DF186 /* Flag TableUITests.xctest */,
			);
			name = Products;
			sourceTree = "<group>";
		};
		3D1FFF461C1E3127008DF186 /* Flag Table */ = {
			isa = PBXGroup;
			children = (
				3D1FFF4B1C1E3127008DF186 /* Main.storyboard */,
				3D1FFF471C1E3127008DF186 /* AppDelegate.swift */,
				3D1FFF751C1E3168008DF186 /* FlagTableViewController.swift */,
				3D1FFF771C1E316C008DF186 /* FlagTableViewCell.swift */,
				3D1FFF791C1E3172008DF186 /* FlagViewController.swift */,
			);
			path = "Flag Table";
			sourceTree = "<group>";
		};
		3D1FFF5B1C1E3127008DF186 /* Flag TableTests */ = {
			isa = PBXGroup;
			children = (
				3D1FFF5C1C1E3127008DF186 /* Flag_TableTests.swift */,
				3D1FFF5E1C1E3127008DF186 /* Info.plist */,
			);
			path = "Flag TableTests";
			sourceTree = "<group>";
		};
		3D1FFF661C1E3127008DF186 /* Flag TableUITests */ = {
			isa = PBXGroup;
			children = (
				3D1FFF671C1E3127008DF186 /* Flag_TableUITests.swift */,
				3D1FFF691C1E3127008DF186 /* Info.plist */,
			);
			path = "Flag TableUITests";
			sourceTree = "<group>";
		};
		3D1FFF8F1C1E3312008DF186 /* Supporting Files */ = {
			isa = PBXGroup;
			children = (
				3D1FFF4E1C1E3127008DF186 /* Assets.xcassets */,
				3D1FFF501C1E3127008DF186 /* LaunchScreen.storyboard */,
				3D1FFF531C1E3127008DF186 /* Info.plist */,
				3D1FFF871C1E31B6008DF186 /* spain.png */,
				3D1FFF7D1C1E31A9008DF186 /* canada.png */,
				3D1FFF7E1C1E31A9008DF186 /* china.png */,
				3D1FFF891C1E31BF008DF186 /* uk.png */,
				3D1FFF8A1C1E31BF008DF186 /* usa.png */,
				3D1FFF8D1C1E328C008DF186 /* southafrica.png */,
				3D1FFF7F1C1E31A9008DF186 /* germany.png */,
				3D1FFF801C1E31A9008DF186 /* indonesia.png */,
				3D1FFF811C1E31A9008DF186 /* japan.png */,
				3D1FFF7B1C1E3191008DF186 /* brazil.png */,
			);
			name = "Supporting Files";
			sourceTree = "<group>";
		};
/* End PBXGroup section */

/* Begin PBXNativeTarget section */
		3D1FFF431C1E3127008DF186 /* Flag Table */ = {
			isa = PBXNativeTarget;
			buildConfigurationList = 3D1FFF6C1C1E3127008DF186 /* Build configuration list for PBXNativeTarget "Flag Table" */;
			buildPhases = (
				3D1FFF401C1E3127008DF186 /* Sources */,
				3D1FFF411C1E3127008DF186 /* Frameworks */,
				3D1FFF421C1E3127008DF186 /* Resources */,
			);
			buildRules = (
			);
			dependencies = (
			);
			name = "Flag Table";
			productName = "Flag Table";
			productReference = 3D1FFF441C1E3127008DF186 /* Flag Table.app */;
			productType = "com.apple.product-type.application";
		};
		3D1FFF571C1E3127008DF186 /* Flag TableTests */ = {
			isa = PBXNativeTarget;
			buildConfigurationList = 3D1FFF6F1C1E3127008DF186 /* Build configuration list for PBXNativeTarget "Flag TableTests" */;
			buildPhases = (
				3D1FFF541C1E3127008DF186 /* Sources */,
				3D1FFF551C1E3127008DF186 /* Frameworks */,
				3D1FFF561C1E3127008DF186 /* Resources */,
			);
			buildRules = (
			);
			dependencies = (
				3D1FFF5A1C1E3127008DF186 /* PBXTargetDependency */,
			);
			name = "Flag TableTests";
			productName = "Flag TableTests";
			productReference = 3D1FFF581C1E3127008DF186 /* Flag TableTests.xctest */;
			productType = "com.apple.product-type.bundle.unit-test";
		};
		3D1FFF621C1E3127008DF186 /* Flag TableUITests */ = {
			isa = PBXNativeTarget;
			buildConfigurationList = 3D1FFF721C1E3127008DF186 /* Build configuration list for PBXNativeTarget "Flag TableUITests" */;
			buildPhases = (
				3D1FFF5F1C1E3127008DF186 /* Sources */,
				3D1FFF601C1E3127008DF186 /* Frameworks */,
				3D1FFF611C1E3127008DF186 /* Resources */,
			);
			buildRules = (
			);
			dependencies = (
				3D1FFF651C1E3127008DF186 /* PBXTargetDependency */,
			);
			name = "Flag TableUITests";
			productName = "Flag TableUITests";
			productReference = 3D1FFF631C1E3127008DF186 /* Flag TableUITests.xctest */;
			productType = "com.apple.product-type.bundle.ui-testing";
		};
/* End PBXNativeTarget section */

/* Begin PBXProject section */
		3D1FFF3C1C1E3127008DF186 /* Project object */ = {
			isa = PBXProject;
			attributes = {
				LastSwiftUpdateCheck = 0710;
				LastUpgradeCheck = 0710;
				ORGANIZATIONNAME = "Cynthia Whitlatch";
				TargetAttributes = {
					3D1FFF431C1E3127008DF186 = {
						CreatedOnToolsVersion = 7.1;
					};
					3D1FFF571C1E3127008DF186 = {
						CreatedOnToolsVersion = 7.1;
						TestTargetID = 3D1FFF431C1E3127008DF186;
					};
					3D1FFF621C1E3127008DF186 = {
						CreatedOnToolsVersion = 7.1;
						TestTargetID = 3D1FFF431C1E3127008DF186;
					};
				};
			};
			buildConfigurationList = 3D1FFF3F1C1E3127008DF186 /* Build configuration list for PBXProject "Flag Table" */;
			compatibilityVersion = "Xcode 3.2";
			developmentRegion = English;
			hasScannedForEncodings = 0;
			knownRegions = (
				en,
				Base,
			);
			mainGroup = 3D1FFF3B1C1E3127008DF186;
			productRefGroup = 3D1FFF451C1E3127008DF186 /* Products */;
			projectDirPath = "";
			projectRoot = "";
			targets = (
				3D1FFF431C1E3127008DF186 /* Flag Table */,
				3D1FFF571C1E3127008DF186 /* Flag TableTests */,
				3D1FFF621C1E3127008DF186 /* Flag TableUITests */,
			);
		};
/* End PBXProject section */

/* Begin PBXResourcesBuildPhase section */
		3D1FFF421C1E3127008DF186 /* Resources */ = {
			isa = PBXResourcesBuildPhase;
			buildActionMask = 2147483647;
			files = (
				3D1FFF8B1C1E31BF008DF186 /* uk.png in Resources */,
				3D1FFF521C1E3127008DF186 /* LaunchScreen.storyboard in Resources */,
				3D1FFF841C1E31A9008DF186 /* germany.png in Resources */,
				3D1FFF8C1C1E31BF008DF186 /* usa.png in Resources */,
				3D1FFF851C1E31A9008DF186 /* indonesia.png in Resources */,
				3D1FFF7C1C1E3191008DF186 /* brazil.png in Resources */,
				3D1FFF4F1C1E3127008DF186 /* Assets.xcassets in Resources */,
				3D1FFF831C1E31A9008DF186 /* china.png in Resources */,
				3D1FFF861C1E31A9008DF186 /* japan.png in Resources */,
				3D1FFF821C1E31A9008DF186 /* canada.png in Resources */,
				3D1FFF4D1C1E3127008DF186 /* Main.storyboard in Resources */,
				3D1FFF881C1E31B6008DF186 /* spain.png in Resources */,
				3D1FFF8E1C1E328C008DF186 /* southafrica.png in Resources */,
			);
			runOnlyForDeploymentPostprocessing = 0;
		};
		3D1FFF561C1E3127008DF186 /* Resources */ = {
			isa = PBXResourcesBuildPhase;
			buildActionMask = 2147483647;
			files = (
			);
			runOnlyForDeploymentPostprocessing = 0;
		};
		3D1FFF611C1E3127008DF186 /* Resources */ = {
			isa = PBXResourcesBuildPhase;
			buildActionMask = 2147483647;
			files = (
			);
			runOnlyForDeploymentPostprocessing = 0;
		};
/* End PBXResourcesBuildPhase section */

/* Begin PBXSourcesBuildPhase section */
		3D1FFF401C1E3127008DF186 /* Sources */ = {
			isa = PBXSourcesBuildPhase;
			buildActionMask = 2147483647;
			files = (
				3D1FFF481C1E3127008DF186 /* AppDelegate.swift in Sources */,
				3D1FFF7A1C1E3172008DF186 /* FlagViewController.swift in Sources */,
				3D1FFF761C1E3168008DF186 /* FlagTableViewController.swift in Sources */,
				3D1FFF781C1E316C008DF186 /* FlagTableViewCell.swift in Sources */,
			);
			runOnlyForDeploymentPostprocessing = 0;
		};
		3D1FFF541C1E3127008DF186 /* Sources */ = {
			isa = PBXSourcesBuildPhase;
			buildActionMask = 2147483647;
			files = (
				3D1FFF5D1C1E3127008DF186 /* Flag_TableTests.swift in Sources */,
			);
			runOnlyForDeploymentPostprocessing = 0;
		};
		3D1FFF5F1C1E3127008DF186 /* Sources */ = {
			isa = PBXSourcesBuildPhase;
			buildActionMask = 2147483647;
			files = (
				3D1FFF681C1E3127008DF186 /* Flag_TableUITests.swift in Sources */,
			);
			runOnlyForDeploymentPostprocessing = 0;
		};
/* End PBXSourcesBuildPhase section */

/* Begin PBXTargetDependency section */
		3D1FFF5A1C1E3127008DF186 /* PBXTargetDependency */ = {
			isa = PBXTargetDependency;
			target = 3D1FFF431C1E3127008DF186 /* Flag Table */;
			targetProxy = 3D1FFF591C1E3127008DF186 /* PBXContainerItemProxy */;
		};
		3D1FFF651C1E3127008DF186 /* PBXTargetDependency */ = {
			isa = PBXTargetDependency;
			target = 3D1FFF431C1E3127008DF186 /* Flag Table */;
			targetProxy = 3D1FFF641C1E3127008DF186 /* PBXContainerItemProxy */;
		};
/* End PBXTargetDependency section */

/* Begin PBXVariantGroup section */
		3D1FFF4B1C1E3127008DF186 /* Main.storyboard */ = {
			isa = PBXVariantGroup;
			children = (
				3D1FFF4C1C1E3127008DF186 /* Base */,
			);
			name = Main.storyboard;
			sourceTree = "<group>";
		};
		3D1FFF501C1E3127008DF186 /* LaunchScreen.storyboard */ = {
			isa = PBXVariantGroup;
			children = (
				3D1FFF511C1E3127008DF186 /* Base */,
			);
			name = LaunchScreen.storyboard;
			path = "Flag Table";
			sourceTree = "<group>";
		};
/* End PBXVariantGroup section */

/* Begin XCBuildConfiguration section */
		3D1FFF6A1C1E3127008DF186 /* Debug */ = {
			isa = XCBuildConfiguration;
			buildSettings = {
				ALWAYS_SEARCH_USER_PATHS = NO;
				CLANG_CXX_LANGUAGE_STANDARD = "gnu++0x";
				CLANG_CXX_LIBRARY = "libc++";
				CLANG_ENABLE_MODULES = YES;
				CLANG_ENABLE_OBJC_ARC = YES;
				CLANG_WARN_BOOL_CONVERSION = YES;
				CLANG_WARN_CONSTANT_CONVERSION = YES;
				CLANG_WARN_DIRECT_OBJC_ISA_USAGE = YES_ERROR;
				CLANG_WARN_EMPTY_BODY = YES;
				CLANG_WARN_ENUM_CONVERSION = YES;
				CLANG_WARN_INT_CONVERSION = YES;
				CLANG_WARN_OBJC_ROOT_CLASS = YES_ERROR;
				CLANG_WARN_UNREACHABLE_CODE = YES;
				CLANG_WARN__DUPLICATE_METHOD_MATCH = YES;
				"CODE_SIGN_IDENTITY[sdk=iphoneos*]" = "iPhone Developer";
				COPY_PHASE_STRIP = NO;
				DEBUG_INFORMATION_FORMAT = dwarf;
				ENABLE_STRICT_OBJC_MSGSEND = YES;
				ENABLE_TESTABILITY = YES;
				GCC_C_LANGUAGE_STANDARD = gnu99;
				GCC_DYNAMIC_NO_PIC = NO;
				GCC_NO_COMMON_BLOCKS = YES;
				GCC_OPTIMIZATION_LEVEL = 0;
				GCC_PREPROCESSOR_DEFINITIONS = (
					"DEBUG=1",
					"$(inherited)",
				);
				GCC_WARN_64_TO_32_BIT_CONVERSION = YES;
				GCC_WARN_ABOUT_RETURN_TYPE = YES_ERROR;
				GCC_WARN_UNDECLARED_SELECTOR = YES;
				GCC_WARN_UNINITIALIZED_AUTOS = YES_AGGRESSIVE;
				GCC_WARN_UNUSED_FUNCTION = YES;
				GCC_WARN_UNUSED_VARIABLE = YES;
				IPHONEOS_DEPLOYMENT_TARGET = 9.1;
				MTL_ENABLE_DEBUG_INFO = YES;
				ONLY_ACTIVE_ARCH = YES;
				SDKROOT = iphoneos;
				SWIFT_OPTIMIZATION_LEVEL = "-Onone";
				TARGETED_DEVICE_FAMILY = "1,2";
			};
			name = Debug;
		};
		3D1FFF6B1C1E3127008DF186 /* Release */ = {
			isa = XCBuildConfiguration;
			buildSettings = {
				ALWAYS_SEARCH_USER_PATHS = NO;
				CLANG_CXX_LANGUAGE_STANDARD = "gnu++0x";
				CLANG_CXX_LIBRARY = "libc++";
				CLANG_ENABLE_MODULES = YES;
				CLANG_ENABLE_OBJC_ARC = YES;
				CLANG_WARN_BOOL_CONVERSION = YES;
				CLANG_WARN_CONSTANT_CONVERSION = YES;
				CLANG_WARN_DIRECT_OBJC_ISA_USAGE = YES_ERROR;
				CLANG_WARN_EMPTY_BODY = YES;
				CLANG_WARN_ENUM_CONVERSION = YES;
				CLANG_WARN_INT_CONVERSION = YES;
				CLANG_WARN_OBJC_ROOT_CLASS = YES_ERROR;
				CLANG_WARN_UNREACHABLE_CODE = YES;
				CLANG_WARN__DUPLICATE_METHOD_MATCH = YES;
				"CODE_SIGN_IDENTITY[sdk=iphoneos*]" = "iPhone Developer";
				COPY_PHASE_STRIP = NO;
				DEBUG_INFORMATION_FORMAT = "dwarf-with-dsym";
				ENABLE_NS_ASSERTIONS = NO;
				ENABLE_STRICT_OBJC_MSGSEND = YES;
				GCC_C_LANGUAGE_STANDARD = gnu99;
				GCC_NO_COMMON_BLOCKS = YES;
				GCC_WARN_64_TO_32_BIT_CONVERSION = YES;
				GCC_WARN_ABOUT_RETURN_TYPE = YES_ERROR;
				GCC_WARN_UNDECLARED_SELECTOR = YES;
				GCC_WARN_UNINITIALIZED_AUTOS = YES_AGGRESSIVE;
				GCC_WARN_UNUSED_FUNCTION = YES;
				GCC_WARN_UNUSED_VARIABLE = YES;
				IPHONEOS_DEPLOYMENT_TARGET = 9.1;
				MTL_ENABLE_DEBUG_INFO = NO;
				SDKROOT = iphoneos;
				TARGETED_DEVICE_FAMILY = "1,2";
				VALIDATE_PRODUCT = YES;
			};
			name = Release;
		};
		3D1FFF6D1C1E3127008DF186 /* Debug */ = {
			isa = XCBuildConfiguration;
			buildSettings = {
				ASSETCATALOG_COMPILER_APPICON_NAME = AppIcon;
				INFOPLIST_FILE = "Flag Table/Info.plist";
				IPHONEOS_DEPLOYMENT_TARGET = 8.0;
				LD_RUNPATH_SEARCH_PATHS = "$(inherited) @executable_path/Frameworks";
				PRODUCT_BUNDLE_IDENTIFIER = "com.cynthia.whitlatch.Flag-Table";
				PRODUCT_NAME = "$(TARGET_NAME)";
			};
			name = Debug;
		};
		3D1FFF6E1C1E3127008DF186 /* Release */ = {
			isa = XCBuildConfiguration;
			buildSettings = {
				ASSETCATALOG_COMPILER_APPICON_NAME = AppIcon;
				INFOPLIST_FILE = "Flag Table/Info.plist";
				IPHONEOS_DEPLOYMENT_TARGET = 8.0;
				LD_RUNPATH_SEARCH_PATHS = "$(inherited) @executable_path/Frameworks";
				PRODUCT_BUNDLE_IDENTIFIER = "com.cynthia.whitlatch.Flag-Table";
				PRODUCT_NAME = "$(TARGET_NAME)";
			};
			name = Release;
		};
		3D1FFF701C1E3127008DF186 /* Debug */ = {
			isa = XCBuildConfiguration;
			buildSettings = {
				BUNDLE_LOADER = "$(TEST_HOST)";
				INFOPLIST_FILE = "Flag TableTests/Info.plist";
				LD_RUNPATH_SEARCH_PATHS = "$(inherited) @executable_path/Frameworks @loader_path/Frameworks";
				PRODUCT_BUNDLE_IDENTIFIER = "com.cynthia.whitlatch.Flag-TableTests";
				PRODUCT_NAME = "$(TARGET_NAME)";
				TEST_HOST = "$(BUILT_PRODUCTS_DIR)/Flag Table.app/Flag Table";
			};
			name = Debug;
		};
		3D1FFF711C1E3127008DF186 /* Release */ = {
			isa = XCBuildConfiguration;
			buildSettings = {
				BUNDLE_LOADER = "$(TEST_HOST)";
				INFOPLIST_FILE = "Flag TableTests/Info.plist";
				LD_RUNPATH_SEARCH_PATHS = "$(inherited) @executable_path/Frameworks @loader_path/Frameworks";
				PRODUCT_BUNDLE_IDENTIFIER = "com.cynthia.whitlatch.Flag-TableTests";
				PRODUCT_NAME = "$(TARGET_NAME)";
				TEST_HOST = "$(BUILT_PRODUCTS_DIR)/Flag Table.app/Flag Table";
			};
			name = Release;
		};
		3D1FFF731C1E3127008DF186 /* Debug */ = {
			isa = XCBuildConfiguration;
			buildSettings = {
				INFOPLIST_FILE = "Flag TableUITests/Info.plist";
				LD_RUNPATH_SEARCH_PATHS = "$(inherited) @executable_path/Frameworks @loader_path/Frameworks";
				PRODUCT_BUNDLE_IDENTIFIER = "com.cynthia.whitlatch.Flag-TableUITests";
				PRODUCT_NAME = "$(TARGET_NAME)";
				TEST_TARGET_NAME = "Flag Table";
				USES_XCTRUNNER = YES;
			};
			name = Debug;
		};
		3D1FFF741C1E3127008DF186 /* Release */ = {
			isa = XCBuildConfiguration;
			buildSettings = {
				INFOPLIST_FILE = "Flag TableUITests/Info.plist";
				LD_RUNPATH_SEARCH_PATHS = "$(inherited) @executable_path/Frameworks @loader_path/Frameworks";
				PRODUCT_BUNDLE_IDENTIFIER = "com.cynthia.whitlatch.Flag-TableUITests";
				PRODUCT_NAME = "$(TARGET_NAME)";
				TEST_TARGET_NAME = "Flag Table";
				USES_XCTRUNNER = YES;
			};
			name = Release;
		};
/* End XCBuildConfiguration section */

/* Begin XCConfigurationList section */
		3D1FFF3F1C1E3127008DF186 /* Build configuration list for PBXProject "Flag Table" */ = {
			isa = XCConfigurationList;
			buildConfigurations = (
				3D1FFF6A1C1E3127008DF186 /* Debug */,
				3D1FFF6B1C1E3127008DF186 /* Release */,
			);
			defaultConfigurationIsVisible = 0;
			defaultConfigurationName = Release;
		};
		3D1FFF6C1C1E3127008DF186 /* Build configuration list for PBXNativeTarget "Flag Table" */ = {
			isa = XCConfigurationList;
			buildConfigurations = (
				3D1FFF6D1C1E3127008DF186 /* Debug */,
				3D1FFF6E1C1E3127008DF186 /* Release */,
			);
			defaultConfigurationIsVisible = 0;
			defaultConfigurationName = Release;
		};
		3D1FFF6F1C1E3127008DF186 /* Build configuration list for PBXNativeTarget "Flag TableTests" */ = {
			isa = XCConfigurationList;
			buildConfigurations = (
				3D1FFF701C1E3127008DF186 /* Debug */,
				3D1FFF711C1E3127008DF186 /* Release */,
			);
			defaultConfigurationIsVisible = 0;
			defaultConfigurationName = Release;
		};
		3D1FFF721C1E3127008DF186 /* Build configuration list for PBXNativeTarget "Flag TableUITests" */ = {
			isa = XCConfigurationList;
			buildConfigurations = (
				3D1FFF731C1E3127008DF186 /* Debug */,
				3D1FFF741C1E3127008DF186 /* Release */,
			);
			defaultConfigurationIsVisible = 0;
			defaultConfigurationName = Release;
		};
/* End XCConfigurationList section */
	};
	rootObject = 3D1FFF3C1C1E3127008DF186 /* Project object */;
}
